
Microsoft Visual Studio Solution File, Format Version 12.00
# Visual Studio Version 17
VisualStudioVersion = 17.10.35431.56
MinimumVisualStudioVersion = 10.0.40219.1
Project("{9A19103F-16F7-4668-BE54-9A1E7A4F7556}") = "Ticketmaster", "Ticketmaster.csproj", "{9B204BBB-B637-40D8-982C-52AB0EB8DDD1}"
EndProject
Project("{FAE04EC0-301F-11D3-BF4B-00C04F79EFBC}") = "Ticketmaster.Tests", "..\Ticketmaster.Tests\Ticketmaster.Tests.csproj", "{145A77A4-C638-4D13-806C-C0C47CD0A4F8}"
EndProject
Global
	GlobalSection(SolutionConfigurationPlatforms) = preSolution
		Debug|Any CPU = Debug|Any CPU
		Release|Any CPU = Release|Any CPU
	EndGlobalSection
	GlobalSection(ProjectConfigurationPlatforms) = postSolution
		{9B204BBB-B637-40D8-982C-52AB0EB8DDD1}.Debug|Any CPU.ActiveCfg = Debug|Any CPU
		{9B204BBB-B637-40D8-982C-52AB0EB8DDD1}.Debug|Any CPU.Build.0 = Debug|Any CPU
		{9B204BBB-B637-40D8-982C-52AB0EB8DDD1}.Release|Any CPU.ActiveCfg = Release|Any CPU
		{9B204BBB-B637-40D8-982C-52AB0EB8DDD1}.Release|Any CPU.Build.0 = Release|Any CPU
		{145A77A4-C638-4D13-806C-C0C47CD0A4F8}.Debug|Any CPU.ActiveCfg = Debug|Any CPU
		{145A77A4-C638-4D13-806C-C0C47CD0A4F8}.Debug|Any CPU.Build.0 = Debug|Any CPU
		{145A77A4-C638-4D13-806C-C0C47CD0A4F8}.Release|Any CPU.ActiveCfg = Release|Any CPU
		{145A77A4-C638-4D13-806C-C0C47CD0A4F8}.Release|Any CPU.Build.0 = Release|Any CPU
	EndGlobalSection
	GlobalSection(SolutionProperties) = preSolution
		HideSolutionNode = FALSE
	EndGlobalSection
	GlobalSection(ExtensibilityGlobals) = postSolution
		SolutionGuid = {84946528-5696-4FB1-B9AD-0A653BA33C10}
	EndGlobalSection
EndGlobal
